
Microsoft Visual Studio Solution File, Format Version 12.00
Project("{FAE04EC0-301F-11D3-BF4B-00C04F79EFBC}") = "ShopWeb", "ShopWeb\ShopWeb.csproj", "{5E411105-C83F-4E3C-B858-CBA7DC0D110A}"
EndProject
Global
	GlobalSection(SolutionConfigurationPlatforms) = preSolution
		Debug|Any CPU = Debug|Any CPU
		Release|Any CPU = Release|Any CPU
	EndGlobalSection
	GlobalSection(ProjectConfigurationPlatforms) = postSolution
		{5E411105-C83F-4E3C-B858-CBA7DC0D110A}.Debug|Any CPU.ActiveCfg = Debug|Any CPU
		{5E411105-C83F-4E3C-B858-CBA7DC0D110A}.Debug|Any CPU.Build.0 = Debug|Any CPU
		{5E411105-C83F-4E3C-B858-CBA7DC0D110A}.Release|Any CPU.ActiveCfg = Release|Any CPU
		{5E411105-C83F-4E3C-B858-CBA7DC0D110A}.Release|Any CPU.Build.0 = Release|Any CPU
	EndGlobalSection
EndGlobal
